schema: '2.0'
stages:
  train:
    cmd: python3.11 src/train.py
    deps:
    - path: s3://dvc-data-src/housing.csv
      hash: md5
      etag: 81f0b9f5d963b97f0fc7a93b1e03953d
      size: 1422773
    - path: src/data_preprocessing.py
      hash: md5
      md5: a99973e7ccb7d3f2d6cb94e1cf771656
      size: 2115
    - path: src/inference.py
      hash: md5
      md5: 9060dbcbfeca73086faa79a53d5c4875
      size: 4448
    - path: src/train.py
      hash: md5
      md5: 3e4df2d8f790f66ebaea769fbb3c1e16
      size: 4756
  fetch_housing:
    cmd: aws s3 cp s3://dvc-data-src/housing.csv data/housing.csv
    deps:
    - path: s3://dvc-data-src/housing.csv
      hash: md5
      etag: 81f0b9f5d963b97f0fc7a93b1e03953d
      size: 1422773
    outs:
    - path: data/housing.csv
      hash: md5
      md5: 81f0b9f5d963b97f0fc7a93b1e03953d
      size: 1422773
