schema: '2.0'
stages:
  train:
    cmd: python3.11 src/train.py
    deps:
    - path: s3://dvc-data-src/housing.csv
      hash: md5
      etag: abe428a1eff83f6a66be9a67a4a61608
      size: 1422837
    - path: src/data_preprocessing.py
      hash: md5
      md5: 4eaddcc16efcd870ff57ede15f0b96b3
      size: 2174
    - path: src/inference.py
      hash: md5
      md5: 9b2331ad1ef0658ca2b2e552c0fb171e
      size: 4328
    - path: src/train.py
      hash: md5
      md5: 7debc6e081c77c0fcdb31a858dda7427
      size: 4799
  fetch_housing:
    cmd: aws s3 cp s3://dvc-data-src/housing.csv data/housing.csv
    deps:
    - path: s3://dvc-data-src/housing.csv
      hash: md5
      etag: abe428a1eff83f6a66be9a67a4a61608
      size: 1422837
    outs:
    - path: data/housing.csv
      hash: md5
      md5: abe428a1eff83f6a66be9a67a4a61608
      size: 1422837
