schema: '2.0'
stages:
  train:
    cmd: python3.11 src/train.py
    deps:
    - path: s3://dvc-data-src/housing.csv
      hash: md5
      etag: 51eb394839887a990052252418390dda
      size: 1423114
    - path: src/data_preprocessing.py
      hash: md5
      md5: a736170f500509bdb24c06008f108537
      size: 1508
    - path: src/inference.py
      hash: md5
      md5: 551c2ccb279c7b59354d111b6df2ab49
      size: 1737
    - path: src/train.py
      hash: md5
      md5: 770c22111cfd08fb5ae51aab83fea2ed
      size: 4428
  fetch_housing:
    cmd: aws s3 cp s3://dvc-data-src/housing.csv data/housing.csv
    deps:
    - path: s3://dvc-data-src/housing.csv
      hash: md5
      etag: 74900411611029955ee411fd8ad774aa
      size: 1422976
    outs:
    - path: data/housing.csv
      hash: md5
      md5: 74900411611029955ee411fd8ad774aa
      size: 1422976
